
Microsoft Visual Studio Solution File, Format Version 12.00
# Visual Studio Version 17
VisualStudioVersion = 17.7.34031.279
MinimumVisualStudioVersion = 10.0.40219.1
Project("{54A90642-561A-4BB1-A94E-469ADEE60C69}") = "vueapp", "vueapp\vueapp.esproj", "{D1352E2A-859B-4D24-A5D0-D0EF7351F720}"
EndProject
Project("{9A19103F-16F7-4668-BE54-9A1E7A4F7556}") = "webapi", "webapi\webapi.csproj", "{1C4007C3-E06A-4E30-999C-75EE7DA55FA0}"
EndProject
Project("{2150E333-8FDC-42A3-9474-1A3956D46DE8}") = "doc", "doc", "{35D4EB50-22F1-4429-878A-03F27F4653C1}"
EndProject
Project("{2150E333-8FDC-42A3-9474-1A3956D46DE8}") = "src", "src", "{D9A67436-5C10-4ECA-B2DD-A247A240D1E3}"
EndProject
Project("{9A19103F-16F7-4668-BE54-9A1E7A4F7556}") = "DataClass", "DataClass\DataClass.csproj", "{3C6F93AA-7FCC-4463-9460-E43330159BE3}"
EndProject
Project("{9A19103F-16F7-4668-BE54-9A1E7A4F7556}") = "Adapter", "Adapter\Adapter.csproj", "{CD4BE9EE-F77D-4B01-975F-DBD33FFB3254}"
EndProject
Project("{FAE04EC0-301F-11D3-BF4B-00C04F79EFBC}") = "DataService", "DataService\DataService.csproj", "{13441417-3416-467A-9B4F-3B487BBC12BD}"
EndProject
Global
	GlobalSection(SolutionConfigurationPlatforms) = preSolution
		Debug|Any CPU = Debug|Any CPU
		Release|Any CPU = Release|Any CPU
	EndGlobalSection
	GlobalSection(ProjectConfigurationPlatforms) = postSolution
		{D1352E2A-859B-4D24-A5D0-D0EF7351F720}.Debug|Any CPU.ActiveCfg = Debug|Any CPU
		{D1352E2A-859B-4D24-A5D0-D0EF7351F720}.Debug|Any CPU.Build.0 = Debug|Any CPU
		{D1352E2A-859B-4D24-A5D0-D0EF7351F720}.Debug|Any CPU.Deploy.0 = Debug|Any CPU
		{D1352E2A-859B-4D24-A5D0-D0EF7351F720}.Release|Any CPU.ActiveCfg = Release|Any CPU
		{D1352E2A-859B-4D24-A5D0-D0EF7351F720}.Release|Any CPU.Build.0 = Release|Any CPU
		{D1352E2A-859B-4D24-A5D0-D0EF7351F720}.Release|Any CPU.Deploy.0 = Release|Any CPU
		{1C4007C3-E06A-4E30-999C-75EE7DA55FA0}.Debug|Any CPU.ActiveCfg = Debug|Any CPU
		{1C4007C3-E06A-4E30-999C-75EE7DA55FA0}.Debug|Any CPU.Build.0 = Debug|Any CPU
		{1C4007C3-E06A-4E30-999C-75EE7DA55FA0}.Release|Any CPU.ActiveCfg = Release|Any CPU
		{1C4007C3-E06A-4E30-999C-75EE7DA55FA0}.Release|Any CPU.Build.0 = Release|Any CPU
		{3C6F93AA-7FCC-4463-9460-E43330159BE3}.Debug|Any CPU.ActiveCfg = Debug|Any CPU
		{3C6F93AA-7FCC-4463-9460-E43330159BE3}.Debug|Any CPU.Build.0 = Debug|Any CPU
		{3C6F93AA-7FCC-4463-9460-E43330159BE3}.Release|Any CPU.ActiveCfg = Release|Any CPU
		{3C6F93AA-7FCC-4463-9460-E43330159BE3}.Release|Any CPU.Build.0 = Release|Any CPU
		{CD4BE9EE-F77D-4B01-975F-DBD33FFB3254}.Debug|Any CPU.ActiveCfg = Debug|Any CPU
		{CD4BE9EE-F77D-4B01-975F-DBD33FFB3254}.Debug|Any CPU.Build.0 = Debug|Any CPU
		{CD4BE9EE-F77D-4B01-975F-DBD33FFB3254}.Release|Any CPU.ActiveCfg = Release|Any CPU
		{CD4BE9EE-F77D-4B01-975F-DBD33FFB3254}.Release|Any CPU.Build.0 = Release|Any CPU
		{13441417-3416-467A-9B4F-3B487BBC12BD}.Debug|Any CPU.ActiveCfg = Debug|Any CPU
		{13441417-3416-467A-9B4F-3B487BBC12BD}.Debug|Any CPU.Build.0 = Debug|Any CPU
		{13441417-3416-467A-9B4F-3B487BBC12BD}.Release|Any CPU.ActiveCfg = Release|Any CPU
		{13441417-3416-467A-9B4F-3B487BBC12BD}.Release|Any CPU.Build.0 = Release|Any CPU
	EndGlobalSection
	GlobalSection(SolutionProperties) = preSolution
		HideSolutionNode = FALSE
	EndGlobalSection
	GlobalSection(NestedProjects) = preSolution
		{D1352E2A-859B-4D24-A5D0-D0EF7351F720} = {D9A67436-5C10-4ECA-B2DD-A247A240D1E3}
		{1C4007C3-E06A-4E30-999C-75EE7DA55FA0} = {D9A67436-5C10-4ECA-B2DD-A247A240D1E3}
		{3C6F93AA-7FCC-4463-9460-E43330159BE3} = {D9A67436-5C10-4ECA-B2DD-A247A240D1E3}
		{CD4BE9EE-F77D-4B01-975F-DBD33FFB3254} = {D9A67436-5C10-4ECA-B2DD-A247A240D1E3}
		{13441417-3416-467A-9B4F-3B487BBC12BD} = {D9A67436-5C10-4ECA-B2DD-A247A240D1E3}
	EndGlobalSection
	GlobalSection(ExtensibilityGlobals) = postSolution
		SolutionGuid = {0F44B62D-19C7-4AE2-B4CD-7F4CA93BA727}
	EndGlobalSection
EndGlobal
